{
  "nodes": {
    "network-compiler": {
      "inputs": {
        "network-labs": "network-labs",
        "nixpkgs": [
          "network-control-plane-model",
          "network-forwarding-model",
          "nixpkgs"
        ],
        "nixpkgs-network": "nixpkgs-network"
      },
      "locked": {
        "lastModified": 1777942529,
        "narHash": "sha256-Et4pvwgbpUdgfFz0sSQMciMfCuO2+Ww+zsfQWk3HSFE=",
        "owner": "esp0xdeadbeef",
        "repo": "network-compiler",
        "rev": "1f56d9f9b221c0f19485b61409c6bd55fe55b993",
        "type": "github"
      },
      "original": {
        "owner": "esp0xdeadbeef",
        "repo": "network-compiler",
        "type": "github"
      }
    },
    "network-control-plane-model": {
      "inputs": {
        "network-forwarding-model": "network-forwarding-model",
        "network-labs": "network-labs_3",
        "nixpkgs": [
          "nixpkgs"
        ],
        "nixpkgs-network": "nixpkgs-network_3"
      },
      "locked": {
        "lastModified": 1777944390,
        "narHash": "sha256-DwBbqG9b8PsuaUcHM0cifZ8jRSB7ZBVq/6tJd2EJ76Y=",
        "owner": "esp0xdeadbeef",
        "repo": "network-control-plane-model",
        "rev": "e76b34aad7725c61a55eb512b01c2c93cdd1dd3d",
        "type": "github"
      },
      "original": {
        "owner": "esp0xdeadbeef",
        "repo": "network-control-plane-model",
        "type": "github"
      }
    },
    "network-forwarding-model": {
      "inputs": {
        "network-compiler": "network-compiler",
        "network-labs": "network-labs_2",
        "nixpkgs": [
          "network-control-plane-model",
          "nixpkgs"
        ],
        "nixpkgs-network": "nixpkgs-network_2"
      },
      "locked": {
        "lastModified": 1777942761,
        "narHash": "sha256-DLnsj1oUb2qQJCVqjqR7aGafowsV+U9CQ4uWqB6M6go=",
        "owner": "esp0xdeadbeef",
        "repo": "network-forwarding-model",
        "rev": "db6c7a39e8cd14a93154243eed9209749d4efa9d",
        "type": "github"
      },
      "original": {
        "owner": "esp0xdeadbeef",
        "repo": "network-forwarding-model",
        "type": "github"
      }
    },
    "network-labs": {
      "flake": false,
      "locked": {
        "lastModified": 1777942324,
        "narHash": "sha256-JGd9u1wWuW1RhPDM37zlcG6KqJ+1B57b5Woh6IKWKYU=",
        "owner": "esp0xdeadbeef",
        "repo": "network-labs",
        "rev": "1a02b061cce4256858c4ace6647153a70546a251",
        "type": "github"
      },
      "original": {
        "owner": "esp0xdeadbeef",
        "repo": "network-labs",
        "type": "github"
      }
    },
    "network-labs_2": {
      "flake": false,
      "locked": {
        "lastModified": 1777942324,
        "narHash": "sha256-JGd9u1wWuW1RhPDM37zlcG6KqJ+1B57b5Woh6IKWKYU=",
        "owner": "esp0xdeadbeef",
        "repo": "network-labs",
        "rev": "1a02b061cce4256858c4ace6647153a70546a251",
        "type": "github"
      },
      "original": {
        "owner": "esp0xdeadbeef",
        "repo": "network-labs",
        "type": "github"
      }
    },
    "network-labs_3": {
      "locked": {
        "lastModified": 1777942324,
        "narHash": "sha256-JGd9u1wWuW1RhPDM37zlcG6KqJ+1B57b5Woh6IKWKYU=",
        "owner": "esp0xdeadbeef",
        "repo": "network-labs",
        "rev": "1a02b061cce4256858c4ace6647153a70546a251",
        "type": "github"
      },
      "original": {
        "owner": "esp0xdeadbeef",
        "repo": "network-labs",
        "type": "github"
      }
    },
    "network-labs_4": {
      "locked": {
        "lastModified": 1777942324,
        "narHash": "sha256-JGd9u1wWuW1RhPDM37zlcG6KqJ+1B57b5Woh6IKWKYU=",
        "owner": "esp0xdeadbeef",
        "repo": "network-labs",
        "rev": "1a02b061cce4256858c4ace6647153a70546a251",
        "type": "github"
      },
      "original": {
        "owner": "esp0xdeadbeef",
        "repo": "network-labs",
        "type": "github"
      }
    },
    "nixpkgs": {
      "locked": {
        "lastModified": 1777578337,
        "narHash": "sha256-Ad49moKWeXtKBJNy2ebiTQUEgdLyvGmTeykAQ9xM+Z4=",
        "owner": "NixOS",
        "repo": "nixpkgs",
        "rev": "15f4ee454b1dce334612fa6843b3e05cf546efab",
        "type": "github"
      },
      "original": {
        "owner": "NixOS",
        "ref": "nixos-unstable",
        "repo": "nixpkgs",
        "type": "github"
      }
    },
    "nixpkgs-network": {
      "locked": {
        "lastModified": 1722112448,
        "narHash": "sha256-Ugp/K1wA7N0u0xE27YP/fvFaZqK9dYKSjJ/OoTdQ7rc=",
        "owner": "NixOS",
        "repo": "nixpkgs",
        "rev": "ac56c456ebe4901c561d3ebf1c98fbd970aea753",
        "type": "github"
      },
      "original": {
        "owner": "NixOS",
        "repo": "nixpkgs",
        "rev": "ac56c456ebe4901c561d3ebf1c98fbd970aea753",
        "type": "github"
      }
    },
    "nixpkgs-network_2": {
      "locked": {
        "lastModified": 1722112448,
        "narHash": "sha256-Ugp/K1wA7N0u0xE27YP/fvFaZqK9dYKSjJ/OoTdQ7rc=",
        "owner": "NixOS",
        "repo": "nixpkgs",
        "rev": "ac56c456ebe4901c561d3ebf1c98fbd970aea753",
        "type": "github"
      },
      "original": {
        "owner": "NixOS",
        "repo": "nixpkgs",
        "rev": "ac56c456ebe4901c561d3ebf1c98fbd970aea753",
        "type": "github"
      }
    },
    "nixpkgs-network_3": {
      "locked": {
        "lastModified": 1722112448,
        "narHash": "sha256-Ugp/K1wA7N0u0xE27YP/fvFaZqK9dYKSjJ/OoTdQ7rc=",
        "owner": "NixOS",
        "repo": "nixpkgs",
        "rev": "ac56c456ebe4901c561d3ebf1c98fbd970aea753",
        "type": "github"
      },
      "original": {
        "owner": "NixOS",
        "repo": "nixpkgs",
        "rev": "ac56c456ebe4901c561d3ebf1c98fbd970aea753",
        "type": "github"
      }
    },
    "root": {
      "inputs": {
        "network-control-plane-model": "network-control-plane-model",
        "network-labs": "network-labs_4",
        "nixpkgs": "nixpkgs"
      }
    }
  },
  "root": "root",
  "version": 7
}
